
Microsoft Visual Studio Solution File, Format Version 11.00
# Visual Studio 2010
Project("{FAE04EC0-301F-11D3-BF4B-00C04F79EFBC}") = "UserLimitMVC.UI.Protal", "UserLimitMVC\UserLimitMVC.UI.Protal.csproj", "{CA326D76-9090-43D0-9A4F-BA6CE95F64DA}"
EndProject
Project("{FAE04EC0-301F-11D3-BF4B-00C04F79EFBC}") = "UserLimitMVC.Tests", "UserLimitMVC.Tests\UserLimitMVC.Tests.csproj", "{02F9B44F-7A61-49BA-978E-6215341B0994}"
EndProject
Project("{FAE04EC0-301F-11D3-BF4B-00C04F79EFBC}") = "UserLimitMVC.BLL", "UserLimitMVC.BLL\UserLimitMVC.BLL.csproj", "{EDA0080D-BC4D-4732-BA04-59A8EEEA50F7}"
EndProject
Project("{FAE04EC0-301F-11D3-BF4B-00C04F79EFBC}") = "UserLimitMVC.DAL", "UserLimitMVC.DAL\UserLimitMVC.DAL.csproj", "{1D8334C3-DDCE-4F3C-B3A3-99A9C301C933}"
EndProject
Project("{FAE04EC0-301F-11D3-BF4B-00C04F79EFBC}") = "UserLimitMVC.Common", "UserLimitMVC.Common\UserLimitMVC.Common.csproj", "{53E53EB7-9207-42C7-8205-BB0378A5D86C}"
EndProject
Project("{FAE04EC0-301F-11D3-BF4B-00C04F79EFBC}") = "UserLimitMVC.Model", "UserLimitMVC.Model\UserLimitMVC.Model.csproj", "{8255B29A-CD12-44E4-A3EF-2B9A61C5110B}"
EndProject
Project("{FAE04EC0-301F-11D3-BF4B-00C04F79EFBC}") = "UserLimitMVC.IDAL", "UserLimitMVC.IDAL\UserLimitMVC.IDAL.csproj", "{AE619A0C-5CD5-4E1B-9AEC-0BD120D69A0E}"
EndProject
Project("{FAE04EC0-301F-11D3-BF4B-00C04F79EFBC}") = "UserLimitMVC.IBLL", "UserLimitMVC.IBLL\UserLimitMVC.IBLL.csproj", "{F9C2330C-5496-49CA-A3A6-EC0B51A2CC3F}"
EndProject
Project("{2150E333-8FDC-42A3-9474-1A3956D46DE8}") = "Implement", "Implement", "{13E53D23-B5F3-4A8E-8472-1BB76E457940}"
EndProject
Project("{2150E333-8FDC-42A3-9474-1A3956D46DE8}") = "Interface", "Interface", "{CCD48ABE-746E-4AC5-A993-6407FBB6ACD3}"
EndProject
Project("{2150E333-8FDC-42A3-9474-1A3956D46DE8}") = "Model", "Model", "{338C852E-96ED-480D-9E62-461AD9DA2677}"
EndProject
Global
	GlobalSection(SolutionConfigurationPlatforms) = preSolution
		Debug|Any CPU = Debug|Any CPU
		Release|Any CPU = Release|Any CPU
	EndGlobalSection
	GlobalSection(ProjectConfigurationPlatforms) = postSolution
		{CA326D76-9090-43D0-9A4F-BA6CE95F64DA}.Debug|Any CPU.ActiveCfg = Debug|Any CPU
		{CA326D76-9090-43D0-9A4F-BA6CE95F64DA}.Debug|Any CPU.Build.0 = Debug|Any CPU
		{CA326D76-9090-43D0-9A4F-BA6CE95F64DA}.Release|Any CPU.ActiveCfg = Release|Any CPU
		{CA326D76-9090-43D0-9A4F-BA6CE95F64DA}.Release|Any CPU.Build.0 = Release|Any CPU
		{02F9B44F-7A61-49BA-978E-6215341B0994}.Debug|Any CPU.ActiveCfg = Debug|Any CPU
		{02F9B44F-7A61-49BA-978E-6215341B0994}.Debug|Any CPU.Build.0 = Debug|Any CPU
		{02F9B44F-7A61-49BA-978E-6215341B0994}.Release|Any CPU.ActiveCfg = Release|Any CPU
		{02F9B44F-7A61-49BA-978E-6215341B0994}.Release|Any CPU.Build.0 = Release|Any CPU
		{EDA0080D-BC4D-4732-BA04-59A8EEEA50F7}.Debug|Any CPU.ActiveCfg = Debug|Any CPU
		{EDA0080D-BC4D-4732-BA04-59A8EEEA50F7}.Debug|Any CPU.Build.0 = Debug|Any CPU
		{EDA0080D-BC4D-4732-BA04-59A8EEEA50F7}.Release|Any CPU.ActiveCfg = Release|Any CPU
		{EDA0080D-BC4D-4732-BA04-59A8EEEA50F7}.Release|Any CPU.Build.0 = Release|Any CPU
		{1D8334C3-DDCE-4F3C-B3A3-99A9C301C933}.Debug|Any CPU.ActiveCfg = Debug|Any CPU
		{1D8334C3-DDCE-4F3C-B3A3-99A9C301C933}.Debug|Any CPU.Build.0 = Debug|Any CPU
		{1D8334C3-DDCE-4F3C-B3A3-99A9C301C933}.Release|Any CPU.ActiveCfg = Release|Any CPU
		{1D8334C3-DDCE-4F3C-B3A3-99A9C301C933}.Release|Any CPU.Build.0 = Release|Any CPU
		{53E53EB7-9207-42C7-8205-BB0378A5D86C}.Debug|Any CPU.ActiveCfg = Debug|Any CPU
		{53E53EB7-9207-42C7-8205-BB0378A5D86C}.Debug|Any CPU.Build.0 = Debug|Any CPU
		{53E53EB7-9207-42C7-8205-BB0378A5D86C}.Release|Any CPU.ActiveCfg = Release|Any CPU
		{53E53EB7-9207-42C7-8205-BB0378A5D86C}.Release|Any CPU.Build.0 = Release|Any CPU
		{8255B29A-CD12-44E4-A3EF-2B9A61C5110B}.Debug|Any CPU.ActiveCfg = Debug|Any CPU
		{8255B29A-CD12-44E4-A3EF-2B9A61C5110B}.Debug|Any CPU.Build.0 = Debug|Any CPU
		{8255B29A-CD12-44E4-A3EF-2B9A61C5110B}.Release|Any CPU.ActiveCfg = Release|Any CPU
		{8255B29A-CD12-44E4-A3EF-2B9A61C5110B}.Release|Any CPU.Build.0 = Release|Any CPU
		{AE619A0C-5CD5-4E1B-9AEC-0BD120D69A0E}.Debug|Any CPU.ActiveCfg = Debug|Any CPU
		{AE619A0C-5CD5-4E1B-9AEC-0BD120D69A0E}.Debug|Any CPU.Build.0 = Debug|Any CPU
		{AE619A0C-5CD5-4E1B-9AEC-0BD120D69A0E}.Release|Any CPU.ActiveCfg = Release|Any CPU
		{AE619A0C-5CD5-4E1B-9AEC-0BD120D69A0E}.Release|Any CPU.Build.0 = Release|Any CPU
		{F9C2330C-5496-49CA-A3A6-EC0B51A2CC3F}.Debug|Any CPU.ActiveCfg = Debug|Any CPU
		{F9C2330C-5496-49CA-A3A6-EC0B51A2CC3F}.Debug|Any CPU.Build.0 = Debug|Any CPU
		{F9C2330C-5496-49CA-A3A6-EC0B51A2CC3F}.Release|Any CPU.ActiveCfg = Release|Any CPU
		{F9C2330C-5496-49CA-A3A6-EC0B51A2CC3F}.Release|Any CPU.Build.0 = Release|Any CPU
	EndGlobalSection
	GlobalSection(SolutionProperties) = preSolution
		HideSolutionNode = FALSE
	EndGlobalSection
	GlobalSection(NestedProjects) = preSolution
		{EDA0080D-BC4D-4732-BA04-59A8EEEA50F7} = {13E53D23-B5F3-4A8E-8472-1BB76E457940}
		{1D8334C3-DDCE-4F3C-B3A3-99A9C301C933} = {13E53D23-B5F3-4A8E-8472-1BB76E457940}
		{F9C2330C-5496-49CA-A3A6-EC0B51A2CC3F} = {CCD48ABE-746E-4AC5-A993-6407FBB6ACD3}
		{AE619A0C-5CD5-4E1B-9AEC-0BD120D69A0E} = {CCD48ABE-746E-4AC5-A993-6407FBB6ACD3}
		{53E53EB7-9207-42C7-8205-BB0378A5D86C} = {338C852E-96ED-480D-9E62-461AD9DA2677}
		{8255B29A-CD12-44E4-A3EF-2B9A61C5110B} = {338C852E-96ED-480D-9E62-461AD9DA2677}
	EndGlobalSection
EndGlobal
